
Microsoft Visual Studio Solution File, Format Version 12.00
# Visual Studio Version 17
VisualStudioVersion = 17.14.36301.6 d17.14
MinimumVisualStudioVersion = 10.0.40219.1
Project("{FAE04EC0-301F-11D3-BF4B-00C04F79EFBC}") = "BestStoreMVC", "BestStoreMVC\BestStoreMVC.csproj", "{B0A1140A-795D-4FCB-BE59-305E1601E4BF}"
EndProject
Global
	GlobalSection(SolutionConfigurationPlatforms) = preSolution
		Debug|Any CPU = Debug|Any CPU
		Release|Any CPU = Release|Any CPU
	EndGlobalSection
	GlobalSection(ProjectConfigurationPlatforms) = postSolution
		{B0A1140A-795D-4FCB-BE59-305E1601E4BF}.Debug|Any CPU.ActiveCfg = Debug|Any CPU
		{B0A1140A-795D-4FCB-BE59-305E1601E4BF}.Debug|Any CPU.Build.0 = Debug|Any CPU
		{B0A1140A-795D-4FCB-BE59-305E1601E4BF}.Release|Any CPU.ActiveCfg = Release|Any CPU
		{B0A1140A-795D-4FCB-BE59-305E1601E4BF}.Release|Any CPU.Build.0 = Release|Any CPU
	EndGlobalSection
	GlobalSection(SolutionProperties) = preSolution
		HideSolutionNode = FALSE
	EndGlobalSection
	GlobalSection(ExtensibilityGlobals) = postSolution
		SolutionGuid = {51F9516C-BFC5-4196-9638-2549C0D59343}
	EndGlobalSection
EndGlobal
